
Microsoft Visual Studio Solution File, Format Version 12.00
# Visual Studio Version 17
VisualStudioVersion = 17.14.36414.22 d17.14
MinimumVisualStudioVersion = 10.0.40219.1
Project("{FAE04EC0-301F-11D3-BF4B-00C04F79EFBC}") = "dziedziczenie", "dziedziczenie.csproj", "{EF53694F-B31F-4211-A821-CC8D0C243132}"
EndProject
Global
	GlobalSection(SolutionConfigurationPlatforms) = preSolution
		Debug|Any CPU = Debug|Any CPU
		Release|Any CPU = Release|Any CPU
	EndGlobalSection
	GlobalSection(ProjectConfigurationPlatforms) = postSolution
		{EF53694F-B31F-4211-A821-CC8D0C243132}.Debug|Any CPU.ActiveCfg = Debug|Any CPU
		{EF53694F-B31F-4211-A821-CC8D0C243132}.Debug|Any CPU.Build.0 = Debug|Any CPU
		{EF53694F-B31F-4211-A821-CC8D0C243132}.Release|Any CPU.ActiveCfg = Release|Any CPU
		{EF53694F-B31F-4211-A821-CC8D0C243132}.Release|Any CPU.Build.0 = Release|Any CPU
	EndGlobalSection
	GlobalSection(SolutionProperties) = preSolution
		HideSolutionNode = FALSE
	EndGlobalSection
	GlobalSection(ExtensibilityGlobals) = postSolution
		SolutionGuid = {A9C26E1D-DDFD-4E65-A98C-AC40C8C6ACCF}
	EndGlobalSection
EndGlobal
