
Microsoft Visual Studio Solution File, Format Version 12.00
# Visual Studio Version 17
VisualStudioVersion = 17.14.36414.22 d17.14
MinimumVisualStudioVersion = 10.0.40219.1
Project("{FAE04EC0-301F-11D3-BF4B-00C04F79EFBC}") = "powtorki", "powtorki.csproj", "{38793CF2-BE25-4B92-8BC8-7890505B9798}"
EndProject
Global
	GlobalSection(SolutionConfigurationPlatforms) = preSolution
		Debug|Any CPU = Debug|Any CPU
		Release|Any CPU = Release|Any CPU
	EndGlobalSection
	GlobalSection(ProjectConfigurationPlatforms) = postSolution
		{38793CF2-BE25-4B92-8BC8-7890505B9798}.Debug|Any CPU.ActiveCfg = Debug|Any CPU
		{38793CF2-BE25-4B92-8BC8-7890505B9798}.Debug|Any CPU.Build.0 = Debug|Any CPU
		{38793CF2-BE25-4B92-8BC8-7890505B9798}.Release|Any CPU.ActiveCfg = Release|Any CPU
		{38793CF2-BE25-4B92-8BC8-7890505B9798}.Release|Any CPU.Build.0 = Release|Any CPU
	EndGlobalSection
	GlobalSection(SolutionProperties) = preSolution
		HideSolutionNode = FALSE
	EndGlobalSection
	GlobalSection(ExtensibilityGlobals) = postSolution
		SolutionGuid = {F858218E-4158-468B-90D1-F3A7FC7EAB82}
	EndGlobalSection
EndGlobal
