
Microsoft Visual Studio Solution File, Format Version 12.00
# Visual Studio Version 17
VisualStudioVersion = 17.14.36414.22 d17.14
MinimumVisualStudioVersion = 10.0.40219.1
Project("{FAE04EC0-301F-11D3-BF4B-00C04F79EFBC}") = "kostki", "kostki.csproj", "{592E2144-E2B8-4C42-8AD9-A62DA98D3826}"
EndProject
Global
	GlobalSection(SolutionConfigurationPlatforms) = preSolution
		Debug|Any CPU = Debug|Any CPU
		Release|Any CPU = Release|Any CPU
	EndGlobalSection
	GlobalSection(ProjectConfigurationPlatforms) = postSolution
		{592E2144-E2B8-4C42-8AD9-A62DA98D3826}.Debug|Any CPU.ActiveCfg = Debug|Any CPU
		{592E2144-E2B8-4C42-8AD9-A62DA98D3826}.Debug|Any CPU.Build.0 = Debug|Any CPU
		{592E2144-E2B8-4C42-8AD9-A62DA98D3826}.Release|Any CPU.ActiveCfg = Release|Any CPU
		{592E2144-E2B8-4C42-8AD9-A62DA98D3826}.Release|Any CPU.Build.0 = Release|Any CPU
	EndGlobalSection
	GlobalSection(SolutionProperties) = preSolution
		HideSolutionNode = FALSE
	EndGlobalSection
	GlobalSection(ExtensibilityGlobals) = postSolution
		SolutionGuid = {447041D7-3C89-46CE-841C-35D4330DDD37}
	EndGlobalSection
EndGlobal
